
Microsoft Visual Studio Solution File, Format Version 12.00
# Visual Studio Version 17
VisualStudioVersion = 17.14.36603.0 d17.14
MinimumVisualStudioVersion = 10.0.40219.1
Project("{FAE04EC0-301F-11D3-BF4B-00C04F79EFBC}") = "CampeonatoBrasileiro2026", "CampeonatoBrasileiro2026.csproj", "{D730539C-D8B3-400C-8C26-4B0AC2C25AFF}"
EndProject
Global
	GlobalSection(SolutionConfigurationPlatforms) = preSolution
		Debug|Any CPU = Debug|Any CPU
		Release|Any CPU = Release|Any CPU
	EndGlobalSection
	GlobalSection(ProjectConfigurationPlatforms) = postSolution
		{D730539C-D8B3-400C-8C26-4B0AC2C25AFF}.Debug|Any CPU.ActiveCfg = Debug|Any CPU
		{D730539C-D8B3-400C-8C26-4B0AC2C25AFF}.Debug|Any CPU.Build.0 = Debug|Any CPU
		{D730539C-D8B3-400C-8C26-4B0AC2C25AFF}.Release|Any CPU.ActiveCfg = Release|Any CPU
		{D730539C-D8B3-400C-8C26-4B0AC2C25AFF}.Release|Any CPU.Build.0 = Release|Any CPU
	EndGlobalSection
	GlobalSection(SolutionProperties) = preSolution
		HideSolutionNode = FALSE
	EndGlobalSection
	GlobalSection(ExtensibilityGlobals) = postSolution
		SolutionGuid = {E2503E09-E2EB-4FC4-96DA-BD9890C0ADC8}
	EndGlobalSection
EndGlobal
